
Microsoft Visual Studio Solution File, Format Version 12.00
# Visual Studio Version 17
VisualStudioVersion = 17.11.35312.102
MinimumVisualStudioVersion = 10.0.40219.1
Project("{9A19103F-16F7-4668-BE54-9A1E7A4F7556}") = "Agency.WebApp", "Agency.WebApp\Agency.WebApp.csproj", "{C8B1F061-9423-49EA-8BB2-77DFBAAD768B}"
EndProject
Project("{FAE04EC0-301F-11D3-BF4B-00C04F79EFBC}") = "Tests", "Еуыеы\Tests.csproj", "{32777E9F-5570-49C2-9D3C-94090A3BB912}"
EndProject
Global
	GlobalSection(SolutionConfigurationPlatforms) = preSolution
		Debug|Any CPU = Debug|Any CPU
		Release|Any CPU = Release|Any CPU
	EndGlobalSection
	GlobalSection(ProjectConfigurationPlatforms) = postSolution
		{C8B1F061-9423-49EA-8BB2-77DFBAAD768B}.Debug|Any CPU.ActiveCfg = Debug|Any CPU
		{C8B1F061-9423-49EA-8BB2-77DFBAAD768B}.Debug|Any CPU.Build.0 = Debug|Any CPU
		{C8B1F061-9423-49EA-8BB2-77DFBAAD768B}.Release|Any CPU.ActiveCfg = Release|Any CPU
		{C8B1F061-9423-49EA-8BB2-77DFBAAD768B}.Release|Any CPU.Build.0 = Release|Any CPU
		{32777E9F-5570-49C2-9D3C-94090A3BB912}.Debug|Any CPU.ActiveCfg = Debug|Any CPU
		{32777E9F-5570-49C2-9D3C-94090A3BB912}.Debug|Any CPU.Build.0 = Debug|Any CPU
		{32777E9F-5570-49C2-9D3C-94090A3BB912}.Release|Any CPU.ActiveCfg = Release|Any CPU
		{32777E9F-5570-49C2-9D3C-94090A3BB912}.Release|Any CPU.Build.0 = Release|Any CPU
	EndGlobalSection
	GlobalSection(SolutionProperties) = preSolution
		HideSolutionNode = FALSE
	EndGlobalSection
	GlobalSection(ExtensibilityGlobals) = postSolution
		SolutionGuid = {8D55C916-65EA-495B-AC5B-17320C2E610A}
	EndGlobalSection
EndGlobal
